
Microsoft Visual Studio Solution File, Format Version 12.00
# Visual Studio 15
VisualStudioVersion = 15.0.27130.2020
MinimumVisualStudioVersion = 10.0.40219.1
Project("{FAE04EC0-301F-11D3-BF4B-00C04F79EFBC}") = "TerrainGenCore", "TerrainGenCore\TerrainGenCore.csproj", "{AE4FE686-53D5-4E73-BFDC-FC8CDA9155BA}"
EndProject
Project("{FAE04EC0-301F-11D3-BF4B-00C04F79EFBC}") = "TerrainGen", "TerrainGen\TerrainGen.csproj", "{7760A877-D286-4F08-BA36-A93617E27EF0}"
EndProject
Project("{FAE04EC0-301F-11D3-BF4B-00C04F79EFBC}") = "NanoVGDotNet", "NanoVGDotNet\NanoVGDotNet.csproj", "{9A3AB3CF-AE64-45C0-90E5-AB9B93B639F6}"
EndProject
Project("{FAE04EC0-301F-11D3-BF4B-00C04F79EFBC}") = "Kuat", "Kuat\Kuat.csproj", "{18F4FC46-C54A-42F3-8E17-D754C22DCD30}"
EndProject
Global
	GlobalSection(SolutionConfigurationPlatforms) = preSolution
		Debug|Any CPU = Debug|Any CPU
		Debug|x64 = Debug|x64
		Release|Any CPU = Release|Any CPU
		Release|x64 = Release|x64
	EndGlobalSection
	GlobalSection(ProjectConfigurationPlatforms) = postSolution
		{AE4FE686-53D5-4E73-BFDC-FC8CDA9155BA}.Debug|Any CPU.ActiveCfg = Debug|Any CPU
		{AE4FE686-53D5-4E73-BFDC-FC8CDA9155BA}.Debug|Any CPU.Build.0 = Debug|Any CPU
		{AE4FE686-53D5-4E73-BFDC-FC8CDA9155BA}.Debug|x64.ActiveCfg = Debug|Any CPU
		{AE4FE686-53D5-4E73-BFDC-FC8CDA9155BA}.Debug|x64.Build.0 = Debug|Any CPU
		{AE4FE686-53D5-4E73-BFDC-FC8CDA9155BA}.Release|Any CPU.ActiveCfg = Release|Any CPU
		{AE4FE686-53D5-4E73-BFDC-FC8CDA9155BA}.Release|Any CPU.Build.0 = Release|Any CPU
		{AE4FE686-53D5-4E73-BFDC-FC8CDA9155BA}.Release|x64.ActiveCfg = Release|Any CPU
		{AE4FE686-53D5-4E73-BFDC-FC8CDA9155BA}.Release|x64.Build.0 = Release|Any CPU
		{7760A877-D286-4F08-BA36-A93617E27EF0}.Debug|Any CPU.ActiveCfg = Debug|Any CPU
		{7760A877-D286-4F08-BA36-A93617E27EF0}.Debug|Any CPU.Build.0 = Debug|Any CPU
		{7760A877-D286-4F08-BA36-A93617E27EF0}.Debug|x64.ActiveCfg = Debug|Any CPU
		{7760A877-D286-4F08-BA36-A93617E27EF0}.Debug|x64.Build.0 = Debug|Any CPU
		{7760A877-D286-4F08-BA36-A93617E27EF0}.Release|Any CPU.ActiveCfg = Release|Any CPU
		{7760A877-D286-4F08-BA36-A93617E27EF0}.Release|Any CPU.Build.0 = Release|Any CPU
		{7760A877-D286-4F08-BA36-A93617E27EF0}.Release|x64.ActiveCfg = Release|Any CPU
		{7760A877-D286-4F08-BA36-A93617E27EF0}.Release|x64.Build.0 = Release|Any CPU
		{9A3AB3CF-AE64-45C0-90E5-AB9B93B639F6}.Debug|Any CPU.ActiveCfg = Debug|Any CPU
		{9A3AB3CF-AE64-45C0-90E5-AB9B93B639F6}.Debug|Any CPU.Build.0 = Debug|Any CPU
		{9A3AB3CF-AE64-45C0-90E5-AB9B93B639F6}.Debug|x64.ActiveCfg = Debug|Any CPU
		{9A3AB3CF-AE64-45C0-90E5-AB9B93B639F6}.Debug|x64.Build.0 = Debug|Any CPU
		{9A3AB3CF-AE64-45C0-90E5-AB9B93B639F6}.Release|Any CPU.ActiveCfg = Release|Any CPU
		{9A3AB3CF-AE64-45C0-90E5-AB9B93B639F6}.Release|Any CPU.Build.0 = Release|Any CPU
		{9A3AB3CF-AE64-45C0-90E5-AB9B93B639F6}.Release|x64.ActiveCfg = Release|Any CPU
		{9A3AB3CF-AE64-45C0-90E5-AB9B93B639F6}.Release|x64.Build.0 = Release|Any CPU
		{18F4FC46-C54A-42F3-8E17-D754C22DCD30}.Debug|Any CPU.ActiveCfg = Debug|Any CPU
		{18F4FC46-C54A-42F3-8E17-D754C22DCD30}.Debug|Any CPU.Build.0 = Debug|Any CPU
		{18F4FC46-C54A-42F3-8E17-D754C22DCD30}.Debug|x64.ActiveCfg = Debug|Any CPU
		{18F4FC46-C54A-42F3-8E17-D754C22DCD30}.Debug|x64.Build.0 = Debug|Any CPU
		{18F4FC46-C54A-42F3-8E17-D754C22DCD30}.Release|Any CPU.ActiveCfg = Release|Any CPU
		{18F4FC46-C54A-42F3-8E17-D754C22DCD30}.Release|Any CPU.Build.0 = Release|Any CPU
		{18F4FC46-C54A-42F3-8E17-D754C22DCD30}.Release|x64.ActiveCfg = Release|Any CPU
		{18F4FC46-C54A-42F3-8E17-D754C22DCD30}.Release|x64.Build.0 = Release|Any CPU
	EndGlobalSection
	GlobalSection(SolutionProperties) = preSolution
		HideSolutionNode = FALSE
	EndGlobalSection
	GlobalSection(ExtensibilityGlobals) = postSolution
		SolutionGuid = {18C56FE5-97E1-4BE4-BB57-9120559BA071}
	EndGlobalSection
EndGlobal
